// !$*UTF8*$!
{
	archiveVersion = 1;
	classes = {
	};
	objectVersion = 52;
	objects = {

/* Begin PBXBuildFile section */
		845C1F1B2680D9CC00B83C67 /* TaskList.swift in Sources */ = {isa = PBXBuildFile; fileRef = 845C1F1A2680D9CC00B83C67 /* TaskList.swift */; };
		845C1F1E2680D9E100B83C67 /* Task.swift in Sources */ = {isa = PBXBuildFile; fileRef = 845C1F1D2680D9E100B83C67 /* Task.swift */; };
		845C1F222680E8CE00B83C67 /* Realm in Frameworks */ = {isa = PBXBuildFile; productRef = 845C1F212680E8CE00B83C67 /* Realm */; };
		845C1F242680E8CE00B83C67 /* RealmSwift in Frameworks */ = {isa = PBXBuildFile; productRef = 845C1F232680E8CE00B83C67 /* RealmSwift */; };
		845C1F272680F43C00B83C67 /* StorageManager.swift in Sources */ = {isa = PBXBuildFile; fileRef = 845C1F262680F43C00B83C67 /* StorageManager.swift */; };
		84BE5D2D267896EB002FF406 /* AppDelegate.swift in Sources */ = {isa = PBXBuildFile; fileRef = 84BE5D2C267896EB002FF406 /* AppDelegate.swift */; };
		84BE5D2F267896EB002FF406 /* SceneDelegate.swift in Sources */ = {isa = PBXBuildFile; fileRef = 84BE5D2E267896EB002FF406 /* SceneDelegate.swift */; };
		84BE5D31267896EB002FF406 /* ViewController.swift in Sources */ = {isa = PBXBuildFile; fileRef = 84BE5D30267896EB002FF406 /* ViewController.swift */; };
		84BE5D34267896EB002FF406 /* Main.storyboard in Resources */ = {isa = PBXBuildFile; fileRef = 84BE5D32267896EB002FF406 /* Main.storyboard */; };
		84BE5D36267896EC002FF406 /* Assets.xcassets in Resources */ = {isa = PBXBuildFile; fileRef = 84BE5D35267896EC002FF406 /* Assets.xcassets */; };
		84BE5D39267896EC002FF406 /* LaunchScreen.storyboard in Resources */ = {isa = PBXBuildFile; fileRef = 84BE5D37267896EC002FF406 /* LaunchScreen.storyboard */; };
		84BE5D422678974C002FF406 /* TaskListsViewController.swift in Sources */ = {isa = PBXBuildFile; fileRef = 84BE5D412678974C002FF406 /* TaskListsViewController.swift */; };
		84BE5D4526789769002FF406 /* TasksViewController.swift in Sources */ = {isa = PBXBuildFile; fileRef = 84BE5D4426789769002FF406 /* TasksViewController.swift */; };
/* End PBXBuildFile section */

/* Begin PBXFileReference section */
		845C1F1A2680D9CC00B83C67 /* TaskList.swift */ = {isa = PBXFileReference; lastKnownFileType = sourcecode.swift; path = TaskList.swift; sourceTree = "<group>"; };
		845C1F1D2680D9E100B83C67 /* Task.swift */ = {isa = PBXFileReference; lastKnownFileType = sourcecode.swift; path = Task.swift; sourceTree = "<group>"; };
		845C1F262680F43C00B83C67 /* StorageManager.swift */ = {isa = PBXFileReference; lastKnownFileType = sourcecode.swift; path = StorageManager.swift; sourceTree = "<group>"; };
		84BE5D29267896EB002FF406 /* RealmApp.app */ = {isa = PBXFileReference; explicitFileType = wrapper.application; includeInIndex = 0; path = RealmApp.app; sourceTree = BUILT_PRODUCTS_DIR; };
		84BE5D2C267896EB002FF406 /* AppDelegate.swift */ = {isa = PBXFileReference; lastKnownFileType = sourcecode.swift; path = AppDelegate.swift; sourceTree = "<group>"; };
		84BE5D2E267896EB002FF406 /* SceneDelegate.swift */ = {isa = PBXFileReference; lastKnownFileType = sourcecode.swift; path = SceneDelegate.swift; sourceTree = "<group>"; };
		84BE5D30267896EB002FF406 /* ViewController.swift */ = {isa = PBXFileReference; lastKnownFileType = sourcecode.swift; path = ViewController.swift; sourceTree = "<group>"; };
		84BE5D33267896EB002FF406 /* Base */ = {isa = PBXFileReference; lastKnownFileType = file.storyboard; name = Base; path = Base.lproj/Main.storyboard; sourceTree = "<group>"; };
		84BE5D35267896EC002FF406 /* Assets.xcassets */ = {isa = PBXFileReference; lastKnownFileType = folder.assetcatalog; path = Assets.xcassets; sourceTree = "<group>"; };
		84BE5D38267896EC002FF406 /* Base */ = {isa = PBXFileReference; lastKnownFileType = file.storyboard; name = Base; path = Base.lproj/LaunchScreen.storyboard; sourceTree = "<group>"; };
		84BE5D3A267896EC002FF406 /* Info.plist */ = {isa = PBXFileReference; lastKnownFileType = text.plist.xml; path = Info.plist; sourceTree = "<group>"; };
		84BE5D412678974C002FF406 /* TaskListsViewController.swift */ = {isa = PBXFileReference; lastKnownFileType = sourcecode.swift; path = TaskListsViewController.swift; sourceTree = "<group>"; };
		84BE5D4426789769002FF406 /* TasksViewController.swift */ = {isa = PBXFileReference; lastKnownFileType = sourcecode.swift; path = TasksViewController.swift; sourceTree = "<group>"; };
/* End PBXFileReference section */

/* Begin PBXFrameworksBuildPhase section */
		84BE5D26267896EB002FF406 /* Frameworks */ = {
			isa = PBXFrameworksBuildPhase;
			buildActionMask = 2147483647;
			files = (
				845C1F242680E8CE00B83C67 /* RealmSwift in Frameworks */,
				845C1F222680E8CE00B83C67 /* Realm in Frameworks */,
			);
			runOnlyForDeploymentPostprocessing = 0;
		};
/* End PBXFrameworksBuildPhase section */

/* Begin PBXGroup section */
		84BE5D20267896EB002FF406 = {
			isa = PBXGroup;
			children = (
				84BE5D2B267896EB002FF406 /* RealmApp */,
				84BE5D2A267896EB002FF406 /* Products */,
			);
			sourceTree = "<group>";
		};
		84BE5D2A267896EB002FF406 /* Products */ = {
			isa = PBXGroup;
			children = (
				84BE5D29267896EB002FF406 /* RealmApp.app */,
			);
			name = Products;
			sourceTree = "<group>";
		};
		84BE5D2B267896EB002FF406 /* RealmApp */ = {
			isa = PBXGroup;
			children = (
				84BE5D2C267896EB002FF406 /* AppDelegate.swift */,
				84BE5D412678974C002FF406 /* TaskListsViewController.swift */,
				84BE5D4426789769002FF406 /* TasksViewController.swift */,
				84BE5D2E267896EB002FF406 /* SceneDelegate.swift */,
				84BE5D30267896EB002FF406 /* ViewController.swift */,
				84BE5D32267896EB002FF406 /* Main.storyboard */,
				84BE5D35267896EC002FF406 /* Assets.xcassets */,
				84BE5D37267896EC002FF406 /* LaunchScreen.storyboard */,
				84BE5D3A267896EC002FF406 /* Info.plist */,
				845C1F1A2680D9CC00B83C67 /* TaskList.swift */,
				845C1F1D2680D9E100B83C67 /* Task.swift */,
				845C1F262680F43C00B83C67 /* StorageManager.swift */,
			);
			path = RealmApp;
			sourceTree = "<group>";
		};
/* End PBXGroup section */

/* Begin PBXNativeTarget section */
		84BE5D28267896EB002FF406 /* RealmApp */ = {
			isa = PBXNativeTarget;
			buildConfigurationList = 84BE5D3D267896EC002FF406 /* Build configuration list for PBXNativeTarget "RealmApp" */;
			buildPhases = (
				84BE5D25267896EB002FF406 /* Sources */,
				84BE5D26267896EB002FF406 /* Frameworks */,
				84BE5D27267896EB002FF406 /* Resources */,
			);
			buildRules = (
			);
			dependencies = (
			);
			name = RealmApp;
			packageProductDependencies = (
				845C1F212680E8CE00B83C67 /* Realm */,
				845C1F232680E8CE00B83C67 /* RealmSwift */,
			);
			productName = RealmApp;
			productReference = 84BE5D29267896EB002FF406 /* RealmApp.app */;
			productType = "com.apple.product-type.application";
		};
/* End PBXNativeTarget section */

/* Begin PBXProject section */
		84BE5D21267896EB002FF406 /* Project object */ = {
			isa = PBXProject;
			attributes = {
				LastSwiftUpdateCheck = 1240;
				LastUpgradeCheck = 1240;
				TargetAttributes = {
					84BE5D28267896EB002FF406 = {
						CreatedOnToolsVersion = 12.4;
					};
				};
			};
			buildConfigurationList = 84BE5D24267896EB002FF406 /* Build configuration list for PBXProject "RealmApp" */;
			compatibilityVersion = "Xcode 9.3";
			developmentRegion = en;
			hasScannedForEncodings = 0;
			knownRegions = (
				en,
				Base,
			);
			mainGroup = 84BE5D20267896EB002FF406;
			packageReferences = (
				845C1F202680E8CE00B83C67 /* XCRemoteSwiftPackageReference "realm-cocoa" */,
			);
			productRefGroup = 84BE5D2A267896EB002FF406 /* Products */;
			projectDirPath = "";
			projectRoot = "";
			targets = (
				84BE5D28267896EB002FF406 /* RealmApp */,
			);
		};
/* End PBXProject section */

/* Begin PBXResourcesBuildPhase section */
		84BE5D27267896EB002FF406 /* Resources */ = {
			isa = PBXResourcesBuildPhase;
			buildActionMask = 2147483647;
			files = (
				84BE5D39267896EC002FF406 /* LaunchScreen.storyboard in Resources */,
				84BE5D36267896EC002FF406 /* Assets.xcassets in Resources */,
				84BE5D34267896EB002FF406 /* Main.storyboard in Resources */,
			);
			runOnlyForDeploymentPostprocessing = 0;
		};
/* End PBXResourcesBuildPhase section */

/* Begin PBXSourcesBuildPhase section */
		84BE5D25267896EB002FF406 /* Sources */ = {
			isa = PBXSourcesBuildPhase;
			buildActionMask = 2147483647;
			files = (
				845C1F1B2680D9CC00B83C67 /* TaskList.swift in Sources */,
				84BE5D31267896EB002FF406 /* ViewController.swift in Sources */,
				84BE5D422678974C002FF406 /* TaskListsViewController.swift in Sources */,
				84BE5D4526789769002FF406 /* TasksViewController.swift in Sources */,
				84BE5D2D267896EB002FF406 /* AppDelegate.swift in Sources */,
				845C1F1E2680D9E100B83C67 /* Task.swift in Sources */,
				84BE5D2F267896EB002FF406 /* SceneDelegate.swift in Sources */,
				845C1F272680F43C00B83C67 /* StorageManager.swift in Sources */,
			);
			runOnlyForDeploymentPostprocessing = 0;
		};
/* End PBXSourcesBuildPhase section */

/* Begin PBXVariantGroup section */
		84BE5D32267896EB002FF406 /* Main.storyboard */ = {
			isa = PBXVariantGroup;
			children = (
				84BE5D33267896EB002FF406 /* Base */,
			);
			name = Main.storyboard;
			sourceTree = "<group>";
		};
		84BE5D37267896EC002FF406 /* LaunchScreen.storyboard */ = {
			isa = PBXVariantGroup;
			children = (
				84BE5D38267896EC002FF406 /* Base */,
			);
			name = LaunchScreen.storyboard;
			sourceTree = "<group>";
		};
/* End PBXVariantGroup section */

/* Begin XCBuildConfiguration section */
		84BE5D3B267896EC002FF406 /* Debug */ = {
			isa = XCBuildConfiguration;
			buildSettings = {
				ALWAYS_SEARCH_USER_PATHS = NO;
				CLANG_ANALYZER_NONNULL = YES;
				CLANG_ANALYZER_NUMBER_OBJECT_CONVERSION = YES_AGGRESSIVE;
				CLANG_CXX_LANGUAGE_STANDARD = "gnu++14";
				CLANG_CXX_LIBRARY = "libc++";
				CLANG_ENABLE_MODULES = YES;
				CLANG_ENABLE_OBJC_ARC = YES;
				CLANG_ENABLE_OBJC_WEAK = YES;
				CLANG_WARN_BLOCK_CAPTURE_AUTORELEASING = YES;
				CLANG_WARN_BOOL_CONVERSION = YES;
				CLANG_WARN_COMMA = YES;
				CLANG_WARN_CONSTANT_CONVERSION = YES;
				CLANG_WARN_DEPRECATED_OBJC_IMPLEMENTATIONS = YES;
				CLANG_WARN_DIRECT_OBJC_ISA_USAGE = YES_ERROR;
				CLANG_WARN_DOCUMENTATION_COMMENTS = YES;
				CLANG_WARN_EMPTY_BODY = YES;
				CLANG_WARN_ENUM_CONVERSION = YES;
				CLANG_WARN_INFINITE_RECURSION = YES;
				CLANG_WARN_INT_CONVERSION = YES;
				CLANG_WARN_NON_LITERAL_NULL_CONVERSION = YES;
				CLANG_WARN_OBJC_IMPLICIT_RETAIN_SELF = YES;
				CLANG_WARN_OBJC_LITERAL_CONVERSION = YES;
				CLANG_WARN_OBJC_ROOT_CLASS = YES_ERROR;
				CLANG_WARN_QUOTED_INCLUDE_IN_FRAMEWORK_HEADER = YES;
				CLANG_WARN_RANGE_LOOP_ANALYSIS = YES;
				CLANG_WARN_STRICT_PROTOTYPES = YES;
				CLANG_WARN_SUSPICIOUS_MOVE = YES;
				CLANG_WARN_UNGUARDED_AVAILABILITY = YES_AGGRESSIVE;
				CLANG_WARN_UNREACHABLE_CODE = YES;
				CLANG_WARN__DUPLICATE_METHOD_MATCH = YES;
				COPY_PHASE_STRIP = NO;
				DEBUG_INFORMATION_FORMAT = dwarf;
				ENABLE_STRICT_OBJC_MSGSEND = YES;
				ENABLE_TESTABILITY = YES;
				GCC_C_LANGUAGE_STANDARD = gnu11;
				GCC_DYNAMIC_NO_PIC = NO;
				GCC_NO_COMMON_BLOCKS = YES;
				GCC_OPTIMIZATION_LEVEL = 0;
				GCC_PREPROCESSOR_DEFINITIONS = (
					"DEBUG=1",
					"$(inherited)",
				);
				GCC_WARN_64_TO_32_BIT_CONVERSION = YES;
				GCC_WARN_ABOUT_RETURN_TYPE = YES_ERROR;
				GCC_WARN_UNDECLARED_SELECTOR = YES;
				GCC_WARN_UNINITIALIZED_AUTOS = YES_AGGRESSIVE;
				GCC_WARN_UNUSED_FUNCTION = YES;
				GCC_WARN_UNUSED_VARIABLE = YES;
				IPHONEOS_DEPLOYMENT_TARGET = 14.4;
				MTL_ENABLE_DEBUG_INFO = INCLUDE_SOURCE;
				MTL_FAST_MATH = YES;
				ONLY_ACTIVE_ARCH = YES;
				SDKROOT = iphoneos;
				SWIFT_ACTIVE_COMPILATION_CONDITIONS = DEBUG;
				SWIFT_OPTIMIZATION_LEVEL = "-Onone";
			};
			name = Debug;
		};
		84BE5D3C267896EC002FF406 /* Release */ = {
			isa = XCBuildConfiguration;
			buildSettings = {
				ALWAYS_SEARCH_USER_PATHS = NO;
				CLANG_ANALYZER_NONNULL = YES;
				CLANG_ANALYZER_NUMBER_OBJECT_CONVERSION = YES_AGGRESSIVE;
				CLANG_CXX_LANGUAGE_STANDARD = "gnu++14";
				CLANG_CXX_LIBRARY = "libc++";
				CLANG_ENABLE_MODULES = YES;
				CLANG_ENABLE_OBJC_ARC = YES;
				CLANG_ENABLE_OBJC_WEAK = YES;
				CLANG_WARN_BLOCK_CAPTURE_AUTORELEASING = YES;
				CLANG_WARN_BOOL_CONVERSION = YES;
				CLANG_WARN_COMMA = YES;
				CLANG_WARN_CONSTANT_CONVERSION = YES;
				CLANG_WARN_DEPRECATED_OBJC_IMPLEMENTATIONS = YES;
				CLANG_WARN_DIRECT_OBJC_ISA_USAGE = YES_ERROR;
				CLANG_WARN_DOCUMENTATION_COMMENTS = YES;
				CLANG_WARN_EMPTY_BODY = YES;
				CLANG_WARN_ENUM_CONVERSION = YES;
				CLANG_WARN_INFINITE_RECURSION = YES;
				CLANG_WARN_INT_CONVERSION = YES;
				CLANG_WARN_NON_LITERAL_NULL_CONVERSION = YES;
				CLANG_WARN_OBJC_IMPLICIT_RETAIN_SELF = YES;
				CLANG_WARN_OBJC_LITERAL_CONVERSION = YES;
				CLANG_WARN_OBJC_ROOT_CLASS = YES_ERROR;
				CLANG_WARN_QUOTED_INCLUDE_IN_FRAMEWORK_HEADER = YES;
				CLANG_WARN_RANGE_LOOP_ANALYSIS = YES;
				CLANG_WARN_STRICT_PROTOTYPES = YES;
				CLANG_WARN_SUSPICIOUS_MOVE = YES;
				CLANG_WARN_UNGUARDED_AVAILABILITY = YES_AGGRESSIVE;
				CLANG_WARN_UNREACHABLE_CODE = YES;
				CLANG_WARN__DUPLICATE_METHOD_MATCH = YES;
				COPY_PHASE_STRIP = NO;
				DEBUG_INFORMATION_FORMAT = "dwarf-with-dsym";
				ENABLE_NS_ASSERTIONS = NO;
				ENABLE_STRICT_OBJC_MSGSEND = YES;
				GCC_C_LANGUAGE_STANDARD = gnu11;
				GCC_NO_COMMON_BLOCKS = YES;
				GCC_WARN_64_TO_32_BIT_CONVERSION = YES;
				GCC_WARN_ABOUT_RETURN_TYPE = YES_ERROR;
				GCC_WARN_UNDECLARED_SELECTOR = YES;
				GCC_WARN_UNINITIALIZED_AUTOS = YES_AGGRESSIVE;
				GCC_WARN_UNUSED_FUNCTION = YES;
				GCC_WARN_UNUSED_VARIABLE = YES;
				IPHONEOS_DEPLOYMENT_TARGET = 14.4;
				MTL_ENABLE_DEBUG_INFO = NO;
				MTL_FAST_MATH = YES;
				SDKROOT = iphoneos;
				SWIFT_COMPILATION_MODE = wholemodule;
				SWIFT_OPTIMIZATION_LEVEL = "-O";
				VALIDATE_PRODUCT = YES;
			};
			name = Release;
		};
		84BE5D3E267896EC002FF406 /* Debug */ = {
			isa = XCBuildConfiguration;
			buildSettings = {
				ASSETCATALOG_COMPILER_APPICON_NAME = AppIcon;
				ASSETCATALOG_COMPILER_GLOBAL_ACCENT_COLOR_NAME = AccentColor;
				CODE_SIGN_STYLE = Automatic;
				DEVELOPMENT_TEAM = 832H9LUWZZ;
				INFOPLIST_FILE = RealmApp/Info.plist;
				LD_RUNPATH_SEARCH_PATHS = (
					"$(inherited)",
					"@executable_path/Frameworks",
				);
				PRODUCT_BUNDLE_IDENTIFIER = ua.org.itigroup.RealmApp;
				PRODUCT_NAME = "$(TARGET_NAME)";
				SWIFT_VERSION = 5.0;
				TARGETED_DEVICE_FAMILY = "1,2";
			};
			name = Debug;
		};
		84BE5D3F267896EC002FF406 /* Release */ = {
			isa = XCBuildConfiguration;
			buildSettings = {
				ASSETCATALOG_COMPILER_APPICON_NAME = AppIcon;
				ASSETCATALOG_COMPILER_GLOBAL_ACCENT_COLOR_NAME = AccentColor;
				CODE_SIGN_STYLE = Automatic;
				DEVELOPMENT_TEAM = 832H9LUWZZ;
				INFOPLIST_FILE = RealmApp/Info.plist;
				LD_RUNPATH_SEARCH_PATHS = (
					"$(inherited)",
					"@executable_path/Frameworks",
				);
				PRODUCT_BUNDLE_IDENTIFIER = ua.org.itigroup.RealmApp;
				PRODUCT_NAME = "$(TARGET_NAME)";
				SWIFT_VERSION = 5.0;
				TARGETED_DEVICE_FAMILY = "1,2";
			};
			name = Release;
		};
/* End XCBuildConfiguration section */

/* Begin XCConfigurationList section */
		84BE5D24267896EB002FF406 /* Build configuration list for PBXProject "RealmApp" */ = {
			isa = XCConfigurationList;
			buildConfigurations = (
				84BE5D3B267896EC002FF406 /* Debug */,
				84BE5D3C267896EC002FF406 /* Release */,
			);
			defaultConfigurationIsVisible = 0;
			defaultConfigurationName = Release;
		};
		84BE5D3D267896EC002FF406 /* Build configuration list for PBXNativeTarget "RealmApp" */ = {
			isa = XCConfigurationList;
			buildConfigurations = (
				84BE5D3E267896EC002FF406 /* Debug */,
				84BE5D3F267896EC002FF406 /* Release */,
			);
			defaultConfigurationIsVisible = 0;
			defaultConfigurationName = Release;
		};
/* End XCConfigurationList section */

/* Begin XCRemoteSwiftPackageReference section */
		845C1F202680E8CE00B83C67 /* XCRemoteSwiftPackageReference "realm-cocoa" */ = {
			isa = XCRemoteSwiftPackageReference;
			repositoryURL = "https://github.com/realm/realm-cocoa.git";
			requirement = {
				kind = versionRange;
				maximumVersion = 10.1.4;
				minimumVersion = 10.1.4;
			};
		};
/* End XCRemoteSwiftPackageReference section */

/* Begin XCSwiftPackageProductDependency section */
		845C1F212680E8CE00B83C67 /* Realm */ = {
			isa = XCSwiftPackageProductDependency;
			package = 845C1F202680E8CE00B83C67 /* XCRemoteSwiftPackageReference "realm-cocoa" */;
			productName = Realm;
		};
		845C1F232680E8CE00B83C67 /* RealmSwift */ = {
			isa = XCSwiftPackageProductDependency;
			package = 845C1F202680E8CE00B83C67 /* XCRemoteSwiftPackageReference "realm-cocoa" */;
			productName = RealmSwift;
		};
/* End XCSwiftPackageProductDependency section */
	};
	rootObject = 84BE5D21267896EB002FF406 /* Project object */;
}
